# This file is automatically @generated by Poetry 1.6.1 and should not be changed by hand.

[[package]]
name = "pick"
version = "2.2.0"
description = "Pick an option in the terminal with a simple GUI"
optional = false
python-versions = ">=3.7"
files = [
    {file = "pick-2.2.0-py3-none-any.whl", hash = "sha256:d301f358ee8eabe501795bb38a5160e05db68c0a89eb7ba38c7b667fc4673c8d"},
    {file = "pick-2.2.0.tar.gz", hash = "sha256:96920ebcfb9b8b6c2e50d9f211a700e5036611904169587a5a9245a645637a0d"},
]

[package.dependencies]
windows-curses = {version = ">=2.2.0,<3.0.0", markers = "sys_platform == \"win32\""}

[[package]]
name = "windows-curses"
version = "2.3.2"
description = "Support for the standard curses module on Windows"
optional = false
python-versions = "*"
files = [
    {file = "windows_curses-2.3.2-cp310-cp310-win32.whl", hash = "sha256:0286d35c9a2589731af3cf2b1251635a400f4b61aef2b9c081f6c98e7887a170"},
    {file = "windows_curses-2.3.2-cp310-cp310-win_amd64.whl", hash = "sha256:b5e68520c7e92dff72914e4126cadb5b8eb3b6c968d955de6d35ff42306da8c0"},
    {file = "windows_curses-2.3.2-cp311-cp311-win32.whl", hash = "sha256:95d2a288af6172270da5ca9225aa99eeae98595c6e90f3574aa9b9f2fc1d2619"},
    {file = "windows_curses-2.3.2-cp311-cp311-win_amd64.whl", hash = "sha256:9b7ecd0f21f643e22a979effff25f62200626bb9853ea8b9aacf0bbcaab0950d"},
    {file = "windows_curses-2.3.2-cp312-cp312-win32.whl", hash = "sha256:4546122f5bec2fb46c1706c020d971bcfc4d9a5158372f25ba7472a834b0f165"},
    {file = "windows_curses-2.3.2-cp312-cp312-win_amd64.whl", hash = "sha256:e3f27939f39143c513f444a8c0419b2737e8de55fbe5d63d765992512125366d"},
    {file = "windows_curses-2.3.2-cp36-cp36m-win32.whl", hash = "sha256:a570f744a62108d024a7775b3b156b2ae2380fc971237c3bd2742341e7151f22"},
    {file = "windows_curses-2.3.2-cp36-cp36m-win_amd64.whl", hash = "sha256:f81294465a67e43ddc50c1b52711b100b002fa1238f87d84d0cf94b785c4fe75"},
    {file = "windows_curses-2.3.2-cp37-cp37m-win32.whl", hash = "sha256:72ff5d8963fbb3aa662bfced2c5ea22dc3ed58bac827a3bff74a1de5eacdbe57"},
    {file = "windows_curses-2.3.2-cp37-cp37m-win_amd64.whl", hash = "sha256:70d8cb4ddad43f695a266f79c7a31d40ac8aee2a17cf8e06ecfd4a71589ad30d"},
    {file = "windows_curses-2.3.2-cp38-cp38-win32.whl", hash = "sha256:6bc698058081408685975256f46f570c32f8d7e1f4f82f9d6c66c300c6daff89"},
    {file = "windows_curses-2.3.2-cp38-cp38-win_amd64.whl", hash = "sha256:f73bfd283f86d3ac0a72b74307ccc99ea0fd008a732d80db95d31fbafeee3c66"},
    {file = "windows_curses-2.3.2-cp39-cp39-win32.whl", hash = "sha256:e4ec5245f0c00ede45b033a885511eea80d5928c9bd3ceb523fbfb086370a4df"},
    {file = "windows_curses-2.3.2-cp39-cp39-win_amd64.whl", hash = "sha256:00d5d000b68db38bd97b6a5b90ee4b4c915a7cef7492fc5aa9ecc7794ee2ca93"},
]

[metadata]
lock-version = "2.0"
python-versions = "^3.11"
content-hash = "29ef0bb73f47304aa3adbfca1501790f3d307234c795e0cd5dbfdcf99cb2e3d7"
